// !$*UTF8*$!
{
	archiveVersion = 1;
	classes = {
	};
	objectVersion = 55;
	objects = {

/* Begin PBXBuildFile section */
		9E691124286B936800A4B6D2 /* ActiveOrdersListTableViewCell.swift in Sources */ = {isa = PBXBuildFile; fileRef = 9E691123286B936800A4B6D2 /* ActiveOrdersListTableViewCell.swift */; };
		9ECF70C0286B73A400B59DA3 /* AppDelegate.swift in Sources */ = {isa = PBXBuildFile; fileRef = 9ECF70BF286B73A400B59DA3 /* AppDelegate.swift */; };
		9ECF70C2286B73A400B59DA3 /* SceneDelegate.swift in Sources */ = {isa = PBXBuildFile; fileRef = 9ECF70C1286B73A400B59DA3 /* SceneDelegate.swift */; };
		9ECF70C9286B73A800B59DA3 /* Assets.xcassets in Resources */ = {isa = PBXBuildFile; fileRef = 9ECF70C8286B73A800B59DA3 /* Assets.xcassets */; };
		9ECF70CC286B73A800B59DA3 /* LaunchScreen.storyboard in Resources */ = {isa = PBXBuildFile; fileRef = 9ECF70CA286B73A800B59DA3 /* LaunchScreen.storyboard */; };
		9ECF70DB286B77A200B59DA3 /* ActiveOrdersListView.swift in Sources */ = {isa = PBXBuildFile; fileRef = 9ECF70DA286B77A200B59DA3 /* ActiveOrdersListView.swift */; };
		9ECF70DD286B77C100B59DA3 /* ActiveOrdersListViewController.swift in Sources */ = {isa = PBXBuildFile; fileRef = 9ECF70DC286B77C100B59DA3 /* ActiveOrdersListViewController.swift */; };
		9ECF70E0286B77D800B59DA3 /* ActiveOrdersListPresenter.swift in Sources */ = {isa = PBXBuildFile; fileRef = 9ECF70DF286B77D800B59DA3 /* ActiveOrdersListPresenter.swift */; };
		9ECF70E2286B77F800B59DA3 /* ActiveOrdersListModuleBuilder.swift in Sources */ = {isa = PBXBuildFile; fileRef = 9ECF70E1286B77F800B59DA3 /* ActiveOrdersListModuleBuilder.swift */; };
		9ECF70E5286B791F00B59DA3 /* ActiveOrdersListViewProtocol.swift in Sources */ = {isa = PBXBuildFile; fileRef = 9ECF70E4286B791F00B59DA3 /* ActiveOrdersListViewProtocol.swift */; };
		9ECF70E7286B793100B59DA3 /* ActiveOrdersListPresenterProtocol.swift in Sources */ = {isa = PBXBuildFile; fileRef = 9ECF70E6286B793100B59DA3 /* ActiveOrdersListPresenterProtocol.swift */; };
		9ECF70EA286B795B00B59DA3 /* Assembler.swift in Sources */ = {isa = PBXBuildFile; fileRef = 9ECF70E9286B795B00B59DA3 /* Assembler.swift */; };
		9ECF70ED286B7D3000B59DA3 /* ActiveOrdersListTableView.swift in Sources */ = {isa = PBXBuildFile; fileRef = 9ECF70EC286B7D3000B59DA3 /* ActiveOrdersListTableView.swift */; };
/* End PBXBuildFile section */

/* Begin PBXFileReference section */
		9E691123286B936800A4B6D2 /* ActiveOrdersListTableViewCell.swift */ = {isa = PBXFileReference; lastKnownFileType = sourcecode.swift; path = ActiveOrdersListTableViewCell.swift; sourceTree = "<group>"; };
		9ECF70BC286B73A400B59DA3 /* Roxiemobile Test Task.app */ = {isa = PBXFileReference; explicitFileType = wrapper.application; includeInIndex = 0; path = "Roxiemobile Test Task.app"; sourceTree = BUILT_PRODUCTS_DIR; };
		9ECF70BF286B73A400B59DA3 /* AppDelegate.swift */ = {isa = PBXFileReference; lastKnownFileType = sourcecode.swift; path = AppDelegate.swift; sourceTree = "<group>"; };
		9ECF70C1286B73A400B59DA3 /* SceneDelegate.swift */ = {isa = PBXFileReference; lastKnownFileType = sourcecode.swift; path = SceneDelegate.swift; sourceTree = "<group>"; };
		9ECF70C8286B73A800B59DA3 /* Assets.xcassets */ = {isa = PBXFileReference; lastKnownFileType = folder.assetcatalog; path = Assets.xcassets; sourceTree = "<group>"; };
		9ECF70CB286B73A800B59DA3 /* Base */ = {isa = PBXFileReference; lastKnownFileType = file.storyboard; name = Base; path = Base.lproj/LaunchScreen.storyboard; sourceTree = "<group>"; };
		9ECF70CD286B73A800B59DA3 /* Info.plist */ = {isa = PBXFileReference; lastKnownFileType = text.plist.xml; path = Info.plist; sourceTree = "<group>"; };
		9ECF70DA286B77A200B59DA3 /* ActiveOrdersListView.swift */ = {isa = PBXFileReference; lastKnownFileType = sourcecode.swift; path = ActiveOrdersListView.swift; sourceTree = "<group>"; };
		9ECF70DC286B77C100B59DA3 /* ActiveOrdersListViewController.swift */ = {isa = PBXFileReference; lastKnownFileType = sourcecode.swift; path = ActiveOrdersListViewController.swift; sourceTree = "<group>"; };
		9ECF70DF286B77D800B59DA3 /* ActiveOrdersListPresenter.swift */ = {isa = PBXFileReference; lastKnownFileType = sourcecode.swift; path = ActiveOrdersListPresenter.swift; sourceTree = "<group>"; };
		9ECF70E1286B77F800B59DA3 /* ActiveOrdersListModuleBuilder.swift */ = {isa = PBXFileReference; lastKnownFileType = sourcecode.swift; path = ActiveOrdersListModuleBuilder.swift; sourceTree = "<group>"; };
		9ECF70E4286B791F00B59DA3 /* ActiveOrdersListViewProtocol.swift */ = {isa = PBXFileReference; lastKnownFileType = sourcecode.swift; path = ActiveOrdersListViewProtocol.swift; sourceTree = "<group>"; };
		9ECF70E6286B793100B59DA3 /* ActiveOrdersListPresenterProtocol.swift */ = {isa = PBXFileReference; lastKnownFileType = sourcecode.swift; path = ActiveOrdersListPresenterProtocol.swift; sourceTree = "<group>"; };
		9ECF70E9286B795B00B59DA3 /* Assembler.swift */ = {isa = PBXFileReference; lastKnownFileType = sourcecode.swift; path = Assembler.swift; sourceTree = "<group>"; };
		9ECF70EC286B7D3000B59DA3 /* ActiveOrdersListTableView.swift */ = {isa = PBXFileReference; lastKnownFileType = sourcecode.swift; path = ActiveOrdersListTableView.swift; sourceTree = "<group>"; };
/* End PBXFileReference section */

/* Begin PBXFrameworksBuildPhase section */
		9ECF70B9286B73A400B59DA3 /* Frameworks */ = {
			isa = PBXFrameworksBuildPhase;
			buildActionMask = 2147483647;
			files = (
			);
			runOnlyForDeploymentPostprocessing = 0;
		};
/* End PBXFrameworksBuildPhase section */

/* Begin PBXGroup section */
		9ECF70B3286B73A400B59DA3 = {
			isa = PBXGroup;
			children = (
				9ECF70BE286B73A400B59DA3 /* Roxiemobile Test Task */,
				9ECF70BD286B73A400B59DA3 /* Products */,
			);
			sourceTree = "<group>";
		};
		9ECF70BD286B73A400B59DA3 /* Products */ = {
			isa = PBXGroup;
			children = (
				9ECF70BC286B73A400B59DA3 /* Roxiemobile Test Task.app */,
			);
			name = Products;
			sourceTree = "<group>";
		};
		9ECF70BE286B73A400B59DA3 /* Roxiemobile Test Task */ = {
			isa = PBXGroup;
			children = (
				9ECF70D3286B73C400B59DA3 /* App */,
				9ECF70E8286B794D00B59DA3 /* Assembler */,
				9ECF70E3286B790100B59DA3 /* Protocols */,
				9ECF70D5286B76AA00B59DA3 /* Modules */,
				9ECF70D4286B740900B59DA3 /* Resources */,
			);
			path = "Roxiemobile Test Task";
			sourceTree = "<group>";
		};
		9ECF70D3286B73C400B59DA3 /* App */ = {
			isa = PBXGroup;
			children = (
				9ECF70BF286B73A400B59DA3 /* AppDelegate.swift */,
				9ECF70C1286B73A400B59DA3 /* SceneDelegate.swift */,
			);
			path = App;
			sourceTree = "<group>";
		};
		9ECF70D4286B740900B59DA3 /* Resources */ = {
			isa = PBXGroup;
			children = (
				9ECF70C8286B73A800B59DA3 /* Assets.xcassets */,
				9ECF70CA286B73A800B59DA3 /* LaunchScreen.storyboard */,
				9ECF70CD286B73A800B59DA3 /* Info.plist */,
			);
			path = Resources;
			sourceTree = "<group>";
		};
		9ECF70D5286B76AA00B59DA3 /* Modules */ = {
			isa = PBXGroup;
			children = (
				9ECF70D6286B76B200B59DA3 /* ActiveOrdersList */,
			);
			path = Modules;
			sourceTree = "<group>";
		};
		9ECF70D6286B76B200B59DA3 /* ActiveOrdersList */ = {
			isa = PBXGroup;
			children = (
				9ECF70D9286B771900B59DA3 /* ModuleBuilder */,
				9ECF70D8286B771300B59DA3 /* Views */,
				9ECF70D7286B770A00B59DA3 /* Presenter */,
			);
			path = ActiveOrdersList;
			sourceTree = "<group>";
		};
		9ECF70D7286B770A00B59DA3 /* Presenter */ = {
			isa = PBXGroup;
			children = (
				9ECF70DF286B77D800B59DA3 /* ActiveOrdersListPresenter.swift */,
			);
			path = Presenter;
			sourceTree = "<group>";
		};
		9ECF70D8286B771300B59DA3 /* Views */ = {
			isa = PBXGroup;
			children = (
				9ECF70DC286B77C100B59DA3 /* ActiveOrdersListViewController.swift */,
				9ECF70DA286B77A200B59DA3 /* ActiveOrdersListView.swift */,
				9ECF70EB286B7D1E00B59DA3 /* TableView */,
			);
			path = Views;
			sourceTree = "<group>";
		};
		9ECF70D9286B771900B59DA3 /* ModuleBuilder */ = {
			isa = PBXGroup;
			children = (
				9ECF70E1286B77F800B59DA3 /* ActiveOrdersListModuleBuilder.swift */,
			);
			path = ModuleBuilder;
			sourceTree = "<group>";
		};
		9ECF70E3286B790100B59DA3 /* Protocols */ = {
			isa = PBXGroup;
			children = (
				9ECF70E4286B791F00B59DA3 /* ActiveOrdersListViewProtocol.swift */,
				9ECF70E6286B793100B59DA3 /* ActiveOrdersListPresenterProtocol.swift */,
			);
			path = Protocols;
			sourceTree = "<group>";
		};
		9ECF70E8286B794D00B59DA3 /* Assembler */ = {
			isa = PBXGroup;
			children = (
				9ECF70E9286B795B00B59DA3 /* Assembler.swift */,
			);
			path = Assembler;
			sourceTree = "<group>";
		};
		9ECF70EB286B7D1E00B59DA3 /* TableView */ = {
			isa = PBXGroup;
			children = (
				9ECF70EC286B7D3000B59DA3 /* ActiveOrdersListTableView.swift */,
				9E691123286B936800A4B6D2 /* ActiveOrdersListTableViewCell.swift */,
			);
			path = TableView;
			sourceTree = "<group>";
		};
/* End PBXGroup section */

/* Begin PBXNativeTarget section */
		9ECF70BB286B73A400B59DA3 /* Roxiemobile Test Task */ = {
			isa = PBXNativeTarget;
			buildConfigurationList = 9ECF70D0286B73A800B59DA3 /* Build configuration list for PBXNativeTarget "Roxiemobile Test Task" */;
			buildPhases = (
				9ECF70B8286B73A400B59DA3 /* Sources */,
				9ECF70B9286B73A400B59DA3 /* Frameworks */,
				9ECF70BA286B73A400B59DA3 /* Resources */,
			);
			buildRules = (
			);
			dependencies = (
			);
			name = "Roxiemobile Test Task";
			productName = "Roxiemobile Test Task";
			productReference = 9ECF70BC286B73A400B59DA3 /* Roxiemobile Test Task.app */;
			productType = "com.apple.product-type.application";
		};
/* End PBXNativeTarget section */

/* Begin PBXProject section */
		9ECF70B4286B73A400B59DA3 /* Project object */ = {
			isa = PBXProject;
			attributes = {
				BuildIndependentTargetsInParallel = 1;
				LastSwiftUpdateCheck = 1320;
				LastUpgradeCheck = 1320;
				TargetAttributes = {
					9ECF70BB286B73A400B59DA3 = {
						CreatedOnToolsVersion = 13.2.1;
					};
				};
			};
			buildConfigurationList = 9ECF70B7286B73A400B59DA3 /* Build configuration list for PBXProject "Roxiemobile Test Task" */;
			compatibilityVersion = "Xcode 13.0";
			developmentRegion = en;
			hasScannedForEncodings = 0;
			knownRegions = (
				en,
				Base,
			);
			mainGroup = 9ECF70B3286B73A400B59DA3;
			productRefGroup = 9ECF70BD286B73A400B59DA3 /* Products */;
			projectDirPath = "";
			projectRoot = "";
			targets = (
				9ECF70BB286B73A400B59DA3 /* Roxiemobile Test Task */,
			);
		};
/* End PBXProject section */

/* Begin PBXResourcesBuildPhase section */
		9ECF70BA286B73A400B59DA3 /* Resources */ = {
			isa = PBXResourcesBuildPhase;
			buildActionMask = 2147483647;
			files = (
				9ECF70CC286B73A800B59DA3 /* LaunchScreen.storyboard in Resources */,
				9ECF70C9286B73A800B59DA3 /* Assets.xcassets in Resources */,
			);
			runOnlyForDeploymentPostprocessing = 0;
		};
/* End PBXResourcesBuildPhase section */

/* Begin PBXSourcesBuildPhase section */
		9ECF70B8286B73A400B59DA3 /* Sources */ = {
			isa = PBXSourcesBuildPhase;
			buildActionMask = 2147483647;
			files = (
				9ECF70E2286B77F800B59DA3 /* ActiveOrdersListModuleBuilder.swift in Sources */,
				9ECF70C0286B73A400B59DA3 /* AppDelegate.swift in Sources */,
				9E691124286B936800A4B6D2 /* ActiveOrdersListTableViewCell.swift in Sources */,
				9ECF70E0286B77D800B59DA3 /* ActiveOrdersListPresenter.swift in Sources */,
				9ECF70E7286B793100B59DA3 /* ActiveOrdersListPresenterProtocol.swift in Sources */,
				9ECF70ED286B7D3000B59DA3 /* ActiveOrdersListTableView.swift in Sources */,
				9ECF70EA286B795B00B59DA3 /* Assembler.swift in Sources */,
				9ECF70DD286B77C100B59DA3 /* ActiveOrdersListViewController.swift in Sources */,
				9ECF70DB286B77A200B59DA3 /* ActiveOrdersListView.swift in Sources */,
				9ECF70E5286B791F00B59DA3 /* ActiveOrdersListViewProtocol.swift in Sources */,
				9ECF70C2286B73A400B59DA3 /* SceneDelegate.swift in Sources */,
			);
			runOnlyForDeploymentPostprocessing = 0;
		};
/* End PBXSourcesBuildPhase section */

/* Begin PBXVariantGroup section */
		9ECF70CA286B73A800B59DA3 /* LaunchScreen.storyboard */ = {
			isa = PBXVariantGroup;
			children = (
				9ECF70CB286B73A800B59DA3 /* Base */,
			);
			name = LaunchScreen.storyboard;
			sourceTree = "<group>";
		};
/* End PBXVariantGroup section */

/* Begin XCBuildConfiguration section */
		9ECF70CE286B73A800B59DA3 /* Debug */ = {
			isa = XCBuildConfiguration;
			buildSettings = {
				ALWAYS_SEARCH_USER_PATHS = NO;
				CLANG_ANALYZER_NONNULL = YES;
				CLANG_ANALYZER_NUMBER_OBJECT_CONVERSION = YES_AGGRESSIVE;
				CLANG_CXX_LANGUAGE_STANDARD = "gnu++17";
				CLANG_CXX_LIBRARY = "libc++";
				CLANG_ENABLE_MODULES = YES;
				CLANG_ENABLE_OBJC_ARC = YES;
				CLANG_ENABLE_OBJC_WEAK = YES;
				CLANG_WARN_BLOCK_CAPTURE_AUTORELEASING = YES;
				CLANG_WARN_BOOL_CONVERSION = YES;
				CLANG_WARN_COMMA = YES;
				CLANG_WARN_CONSTANT_CONVERSION = YES;
				CLANG_WARN_DEPRECATED_OBJC_IMPLEMENTATIONS = YES;
				CLANG_WARN_DIRECT_OBJC_ISA_USAGE = YES_ERROR;
				CLANG_WARN_DOCUMENTATION_COMMENTS = YES;
				CLANG_WARN_EMPTY_BODY = YES;
				CLANG_WARN_ENUM_CONVERSION = YES;
				CLANG_WARN_INFINITE_RECURSION = YES;
				CLANG_WARN_INT_CONVERSION = YES;
				CLANG_WARN_NON_LITERAL_NULL_CONVERSION = YES;
				CLANG_WARN_OBJC_IMPLICIT_RETAIN_SELF = YES;
				CLANG_WARN_OBJC_LITERAL_CONVERSION = YES;
				CLANG_WARN_OBJC_ROOT_CLASS = YES_ERROR;
				CLANG_WARN_QUOTED_INCLUDE_IN_FRAMEWORK_HEADER = YES;
				CLANG_WARN_RANGE_LOOP_ANALYSIS = YES;
				CLANG_WARN_STRICT_PROTOTYPES = YES;
				CLANG_WARN_SUSPICIOUS_MOVE = YES;
				CLANG_WARN_UNGUARDED_AVAILABILITY = YES_AGGRESSIVE;
				CLANG_WARN_UNREACHABLE_CODE = YES;
				CLANG_WARN__DUPLICATE_METHOD_MATCH = YES;
				COPY_PHASE_STRIP = NO;
				DEBUG_INFORMATION_FORMAT = dwarf;
				ENABLE_STRICT_OBJC_MSGSEND = YES;
				ENABLE_TESTABILITY = YES;
				GCC_C_LANGUAGE_STANDARD = gnu11;
				GCC_DYNAMIC_NO_PIC = NO;
				GCC_NO_COMMON_BLOCKS = YES;
				GCC_OPTIMIZATION_LEVEL = 0;
				GCC_PREPROCESSOR_DEFINITIONS = (
					"DEBUG=1",
					"$(inherited)",
				);
				GCC_WARN_64_TO_32_BIT_CONVERSION = YES;
				GCC_WARN_ABOUT_RETURN_TYPE = YES_ERROR;
				GCC_WARN_UNDECLARED_SELECTOR = YES;
				GCC_WARN_UNINITIALIZED_AUTOS = YES_AGGRESSIVE;
				GCC_WARN_UNUSED_FUNCTION = YES;
				GCC_WARN_UNUSED_VARIABLE = YES;
				IPHONEOS_DEPLOYMENT_TARGET = 15.2;
				MTL_ENABLE_DEBUG_INFO = INCLUDE_SOURCE;
				MTL_FAST_MATH = YES;
				ONLY_ACTIVE_ARCH = YES;
				SDKROOT = iphoneos;
				SWIFT_ACTIVE_COMPILATION_CONDITIONS = DEBUG;
				SWIFT_OPTIMIZATION_LEVEL = "-Onone";
			};
			name = Debug;
		};
		9ECF70CF286B73A800B59DA3 /* Release */ = {
			isa = XCBuildConfiguration;
			buildSettings = {
				ALWAYS_SEARCH_USER_PATHS = NO;
				CLANG_ANALYZER_NONNULL = YES;
				CLANG_ANALYZER_NUMBER_OBJECT_CONVERSION = YES_AGGRESSIVE;
				CLANG_CXX_LANGUAGE_STANDARD = "gnu++17";
				CLANG_CXX_LIBRARY = "libc++";
				CLANG_ENABLE_MODULES = YES;
				CLANG_ENABLE_OBJC_ARC = YES;
				CLANG_ENABLE_OBJC_WEAK = YES;
				CLANG_WARN_BLOCK_CAPTURE_AUTORELEASING = YES;
				CLANG_WARN_BOOL_CONVERSION = YES;
				CLANG_WARN_COMMA = YES;
				CLANG_WARN_CONSTANT_CONVERSION = YES;
				CLANG_WARN_DEPRECATED_OBJC_IMPLEMENTATIONS = YES;
				CLANG_WARN_DIRECT_OBJC_ISA_USAGE = YES_ERROR;
				CLANG_WARN_DOCUMENTATION_COMMENTS = YES;
				CLANG_WARN_EMPTY_BODY = YES;
				CLANG_WARN_ENUM_CONVERSION = YES;
				CLANG_WARN_INFINITE_RECURSION = YES;
				CLANG_WARN_INT_CONVERSION = YES;
				CLANG_WARN_NON_LITERAL_NULL_CONVERSION = YES;
				CLANG_WARN_OBJC_IMPLICIT_RETAIN_SELF = YES;
				CLANG_WARN_OBJC_LITERAL_CONVERSION = YES;
				CLANG_WARN_OBJC_ROOT_CLASS = YES_ERROR;
				CLANG_WARN_QUOTED_INCLUDE_IN_FRAMEWORK_HEADER = YES;
				CLANG_WARN_RANGE_LOOP_ANALYSIS = YES;
				CLANG_WARN_STRICT_PROTOTYPES = YES;
				CLANG_WARN_SUSPICIOUS_MOVE = YES;
				CLANG_WARN_UNGUARDED_AVAILABILITY = YES_AGGRESSIVE;
				CLANG_WARN_UNREACHABLE_CODE = YES;
				CLANG_WARN__DUPLICATE_METHOD_MATCH = YES;
				COPY_PHASE_STRIP = NO;
				DEBUG_INFORMATION_FORMAT = "dwarf-with-dsym";
				ENABLE_NS_ASSERTIONS = NO;
				ENABLE_STRICT_OBJC_MSGSEND = YES;
				GCC_C_LANGUAGE_STANDARD = gnu11;
				GCC_NO_COMMON_BLOCKS = YES;
				GCC_WARN_64_TO_32_BIT_CONVERSION = YES;
				GCC_WARN_ABOUT_RETURN_TYPE = YES_ERROR;
				GCC_WARN_UNDECLARED_SELECTOR = YES;
				GCC_WARN_UNINITIALIZED_AUTOS = YES_AGGRESSIVE;
				GCC_WARN_UNUSED_FUNCTION = YES;
				GCC_WARN_UNUSED_VARIABLE = YES;
				IPHONEOS_DEPLOYMENT_TARGET = 15.2;
				MTL_ENABLE_DEBUG_INFO = NO;
				MTL_FAST_MATH = YES;
				SDKROOT = iphoneos;
				SWIFT_COMPILATION_MODE = wholemodule;
				SWIFT_OPTIMIZATION_LEVEL = "-O";
				VALIDATE_PRODUCT = YES;
			};
			name = Release;
		};
		9ECF70D1286B73A800B59DA3 /* Debug */ = {
			isa = XCBuildConfiguration;
			buildSettings = {
				ASSETCATALOG_COMPILER_APPICON_NAME = AppIcon;
				ASSETCATALOG_COMPILER_GLOBAL_ACCENT_COLOR_NAME = AccentColor;
				CODE_SIGN_STYLE = Automatic;
				CURRENT_PROJECT_VERSION = 1;
				DEVELOPMENT_TEAM = 5RUACV32J4;
				GENERATE_INFOPLIST_FILE = YES;
				INFOPLIST_FILE = "Roxiemobile Test Task/Resources/Info.plist";
				INFOPLIST_KEY_UIApplicationSupportsIndirectInputEvents = YES;
				INFOPLIST_KEY_UILaunchStoryboardName = LaunchScreen;
				INFOPLIST_KEY_UISupportedInterfaceOrientations_iPad = "UIInterfaceOrientationPortrait UIInterfaceOrientationPortraitUpsideDown UIInterfaceOrientationLandscapeLeft UIInterfaceOrientationLandscapeRight";
				INFOPLIST_KEY_UISupportedInterfaceOrientations_iPhone = "UIInterfaceOrientationPortrait UIInterfaceOrientationLandscapeLeft UIInterfaceOrientationLandscapeRight";
				LD_RUNPATH_SEARCH_PATHS = (
					"$(inherited)",
					"@executable_path/Frameworks",
				);
				MARKETING_VERSION = 1.0;
				PRODUCT_BUNDLE_IDENTIFIER = "com.BulatSagdiev.Roxiemobile-Test-Task";
				PRODUCT_NAME = "$(TARGET_NAME)";
				SWIFT_EMIT_LOC_STRINGS = YES;
				SWIFT_VERSION = 5.0;
				TARGETED_DEVICE_FAMILY = "1,2";
			};
			name = Debug;
		};
		9ECF70D2286B73A800B59DA3 /* Release */ = {
			isa = XCBuildConfiguration;
			buildSettings = {
				ASSETCATALOG_COMPILER_APPICON_NAME = AppIcon;
				ASSETCATALOG_COMPILER_GLOBAL_ACCENT_COLOR_NAME = AccentColor;
				CODE_SIGN_STYLE = Automatic;
				CURRENT_PROJECT_VERSION = 1;
				DEVELOPMENT_TEAM = 5RUACV32J4;
				GENERATE_INFOPLIST_FILE = YES;
				INFOPLIST_FILE = "Roxiemobile Test Task/Resources/Info.plist";
				INFOPLIST_KEY_UIApplicationSupportsIndirectInputEvents = YES;
				INFOPLIST_KEY_UILaunchStoryboardName = LaunchScreen;
				INFOPLIST_KEY_UISupportedInterfaceOrientations_iPad = "UIInterfaceOrientationPortrait UIInterfaceOrientationPortraitUpsideDown UIInterfaceOrientationLandscapeLeft UIInterfaceOrientationLandscapeRight";
				INFOPLIST_KEY_UISupportedInterfaceOrientations_iPhone = "UIInterfaceOrientationPortrait UIInterfaceOrientationLandscapeLeft UIInterfaceOrientationLandscapeRight";
				LD_RUNPATH_SEARCH_PATHS = (
					"$(inherited)",
					"@executable_path/Frameworks",
				);
				MARKETING_VERSION = 1.0;
				PRODUCT_BUNDLE_IDENTIFIER = "com.BulatSagdiev.Roxiemobile-Test-Task";
				PRODUCT_NAME = "$(TARGET_NAME)";
				SWIFT_EMIT_LOC_STRINGS = YES;
				SWIFT_VERSION = 5.0;
				TARGETED_DEVICE_FAMILY = "1,2";
			};
			name = Release;
		};
/* End XCBuildConfiguration section */

/* Begin XCConfigurationList section */
		9ECF70B7286B73A400B59DA3 /* Build configuration list for PBXProject "Roxiemobile Test Task" */ = {
			isa = XCConfigurationList;
			buildConfigurations = (
				9ECF70CE286B73A800B59DA3 /* Debug */,
				9ECF70CF286B73A800B59DA3 /* Release */,
			);
			defaultConfigurationIsVisible = 0;
			defaultConfigurationName = Release;
		};
		9ECF70D0286B73A800B59DA3 /* Build configuration list for PBXNativeTarget "Roxiemobile Test Task" */ = {
			isa = XCConfigurationList;
			buildConfigurations = (
				9ECF70D1286B73A800B59DA3 /* Debug */,
				9ECF70D2286B73A800B59DA3 /* Release */,
			);
			defaultConfigurationIsVisible = 0;
			defaultConfigurationName = Release;
		};
/* End XCConfigurationList section */
	};
	rootObject = 9ECF70B4286B73A400B59DA3 /* Project object */;
}
